<Solution>
  <Folder Name="/Solution Items/">
    <File Path=".gitignore" />
  </Folder>
  <Project Path="L001_SQLClient/L001_SQLClient.csproj" Id="002506e4-699a-4bfe-9776-07ff2c36029e" />
  <Project Path="L002_SQL_Injection_demo/L002_SQL_Injection_demo.csproj" Id="a8fd0d4f-d782-40c2-bce7-87c98b8fad5a" />
  <Project Path="L003_DatabaseProjectDemo/L003_DatabaseProjectDemo.sqlproj" Id="67cc2ac4-d963-4774-a5d5-071f5b041808">
    <Build />
    <Deploy />
  </Project>
  <Project Path="L004_EFCore_Intro/L004_EFCore_Intro.csproj" Id="7beb669d-b83a-41c4-bc09-c7470fc9379c" />
  <Project Path="L005_ScaffoldedMusic/L005_ScaffoldedMusic.csproj" Id="476e11e4-c9d5-4b3d-8ad2-5f2842620bbb" />
  <Project Path="L006_ModelConfiguration/L006_ModelConfiguration.csproj" Id="5e20e10d-0d7e-4cd1-89a0-75a24c0a4310" />
  <Project Path="L007_Relationships/L007_Relationships.csproj" Id="aafdfb0d-d6fc-4789-afce-7dbfd6b2a5a9" />
  <Project Path="L008_DataGrid_and_TreeView/L008_DataGrid_and_TreeView.csproj" Id="bb9e2ab3-08d9-49c8-968f-2df5c6a043b6" />
  <Project Path="L009_Logging_and_Tracking/L009_Logging_and_Tracking.csproj" Id="5641c78b-49a8-47dd-931c-78777175798a" />
  <Project Path="L010_Bitwise_AND_OR_Operations_with_Enum/L010_Bitwise_AND_OR_Operations_with_Enum.csproj" Id="bfac8033-4a47-443c-9cb4-04ec31edaf98" />
</Solution>
